
Microsoft Visual Studio Solution File, Format Version 12.00
# Visual Studio 2013
VisualStudioVersion = 12.0.21005.1
MinimumVisualStudioVersion = 10.0.40219.1
Project("{FAE04EC0-301F-11D3-BF4B-00C04F79EFBC}") = "AutoUpdates", "AutoUpdates\AutoUpdates.csproj", "{1681DC09-7BB7-494F-9FBE-2C2CC20AAB34}"
EndProject
Project("{FAE04EC0-301F-11D3-BF4B-00C04F79EFBC}") = "AutoUpdates.Extensions", "AutoUpdates.Extensions\AutoUpdates.Extensions.csproj", "{638F8FCD-315A-4A39-B753-30C5D872B965}"
EndProject
Project("{FAE04EC0-301F-11D3-BF4B-00C04F79EFBC}") = "AutoUpdate.GenerateFiles", "AutoUpdate.GenerateFiles\AutoUpdate.GenerateFiles.csproj", "{DC23BCD1-EE7E-448C-897C-299A1343ED67}"
EndProject
Global
	GlobalSection(SubversionScc) = preSolution
		Svn-Managed = True
		Manager = AnkhSVN - Subversion Support for Visual Studio
	EndGlobalSection
	GlobalSection(SolutionConfigurationPlatforms) = preSolution
		Debug|Any CPU = Debug|Any CPU
		Release|Any CPU = Release|Any CPU
	EndGlobalSection
	GlobalSection(ProjectConfigurationPlatforms) = postSolution
		{1681DC09-7BB7-494F-9FBE-2C2CC20AAB34}.Debug|Any CPU.ActiveCfg = Debug|Any CPU
		{1681DC09-7BB7-494F-9FBE-2C2CC20AAB34}.Debug|Any CPU.Build.0 = Debug|Any CPU
		{1681DC09-7BB7-494F-9FBE-2C2CC20AAB34}.Release|Any CPU.ActiveCfg = Release|Any CPU
		{1681DC09-7BB7-494F-9FBE-2C2CC20AAB34}.Release|Any CPU.Build.0 = Release|Any CPU
		{638F8FCD-315A-4A39-B753-30C5D872B965}.Debug|Any CPU.ActiveCfg = Debug|Any CPU
		{638F8FCD-315A-4A39-B753-30C5D872B965}.Debug|Any CPU.Build.0 = Debug|Any CPU
		{638F8FCD-315A-4A39-B753-30C5D872B965}.Release|Any CPU.ActiveCfg = Release|Any CPU
		{638F8FCD-315A-4A39-B753-30C5D872B965}.Release|Any CPU.Build.0 = Release|Any CPU
		{DC23BCD1-EE7E-448C-897C-299A1343ED67}.Debug|Any CPU.ActiveCfg = Debug|Any CPU
		{DC23BCD1-EE7E-448C-897C-299A1343ED67}.Debug|Any CPU.Build.0 = Debug|Any CPU
		{DC23BCD1-EE7E-448C-897C-299A1343ED67}.Release|Any CPU.ActiveCfg = Release|Any CPU
		{DC23BCD1-EE7E-448C-897C-299A1343ED67}.Release|Any CPU.Build.0 = Release|Any CPU
	EndGlobalSection
	GlobalSection(SolutionProperties) = preSolution
		HideSolutionNode = FALSE
	EndGlobalSection
EndGlobal
